// !$*UTF8*$!
{
	archiveVersion = 1;
	classes = {
	};
	objectVersion = 46;
	objects = {

/* Begin PBXBuildFile section */
		4D8653C0197CDDE700530E87 /* Foundation.framework in Frameworks */ = {isa = PBXBuildFile; fileRef = 4D8653BF197CDDE700530E87 /* Foundation.framework */; };
		4D8653C2197CDDE700530E87 /* CoreGraphics.framework in Frameworks */ = {isa = PBXBuildFile; fileRef = 4D8653C1197CDDE700530E87 /* CoreGraphics.framework */; };
		4D8653C4197CDDE700530E87 /* UIKit.framework in Frameworks */ = {isa = PBXBuildFile; fileRef = 4D8653C3197CDDE700530E87 /* UIKit.framework */; };
		4D8653CA197CDDE700530E87 /* InfoPlist.strings in Resources */ = {isa = PBXBuildFile; fileRef = 4D8653C8197CDDE700530E87 /* InfoPlist.strings */; };
		4D8653CC197CDDE700530E87 /* main.m in Sources */ = {isa = PBXBuildFile; fileRef = 4D8653CB197CDDE700530E87 /* main.m */; };
		4D8653D0197CDDE700530E87 /* AppDelegate.m in Sources */ = {isa = PBXBuildFile; fileRef = 4D8653CF197CDDE700530E87 /* AppDelegate.m */; };
		4D8653D3197CDDE700530E87 /* Main.storyboard in Resources */ = {isa = PBXBuildFile; fileRef = 4D8653D1197CDDE700530E87 /* Main.storyboard */; };
		4D8653D6197CDDE700530E87 /* ViewController.m in Sources */ = {isa = PBXBuildFile; fileRef = 4D8653D5197CDDE700530E87 /* ViewController.m */; };
		4D8653D8197CDDE700530E87 /* Images.xcassets in Resources */ = {isa = PBXBuildFile; fileRef = 4D8653D7197CDDE700530E87 /* Images.xcassets */; };
		4D8653DF197CDDE800530E87 /* XCTest.framework in Frameworks */ = {isa = PBXBuildFile; fileRef = 4D8653DE197CDDE800530E87 /* XCTest.framework */; };
		4D8653E0197CDDE800530E87 /* Foundation.framework in Frameworks */ = {isa = PBXBuildFile; fileRef = 4D8653BF197CDDE700530E87 /* Foundation.framework */; };
		4D8653E1197CDDE800530E87 /* UIKit.framework in Frameworks */ = {isa = PBXBuildFile; fileRef = 4D8653C3197CDDE700530E87 /* UIKit.framework */; };
		4D8653E9197CDDE800530E87 /* InfoPlist.strings in Resources */ = {isa = PBXBuildFile; fileRef = 4D8653E7197CDDE800530E87 /* InfoPlist.strings */; };
		4D8653EB197CDDE800530E87 /* mozaikuTests.m in Sources */ = {isa = PBXBuildFile; fileRef = 4D8653EA197CDDE800530E87 /* mozaikuTests.m */; };
/* End PBXBuildFile section */

/* Begin PBXContainerItemProxy section */
		4D8653E2197CDDE800530E87 /* PBXContainerItemProxy */ = {
			isa = PBXContainerItemProxy;
			containerPortal = 4D8653B4197CDDE700530E87 /* Project object */;
			proxyType = 1;
			remoteGlobalIDString = 4D8653BB197CDDE700530E87;
			remoteInfo = mozaiku;
		};
/* End PBXContainerItemProxy section */

/* Begin PBXFileReference section */
		4D8653BC197CDDE700530E87 /* mozaiku.app */ = {isa = PBXFileReference; explicitFileType = wrapper.application; includeInIndex = 0; path = mozaiku.app; sourceTree = BUILT_PRODUCTS_DIR; };
		4D8653BF197CDDE700530E87 /* Foundation.framework */ = {isa = PBXFileReference; lastKnownFileType = wrapper.framework; name = Foundation.framework; path = System/Library/Frameworks/Foundation.framework; sourceTree = SDKROOT; };
		4D8653C1197CDDE700530E87 /* CoreGraphics.framework */ = {isa = PBXFileReference; lastKnownFileType = wrapper.framework; name = CoreGraphics.framework; path = System/Library/Frameworks/CoreGraphics.framework; sourceTree = SDKROOT; };
		4D8653C3197CDDE700530E87 /* UIKit.framework */ = {isa = PBXFileReference; lastKnownFileType = wrapper.framework; name = UIKit.framework; path = System/Library/Frameworks/UIKit.framework; sourceTree = SDKROOT; };
		4D8653C7197CDDE700530E87 /* mozaiku-Info.plist */ = {isa = PBXFileReference; lastKnownFileType = text.plist.xml; path = "mozaiku-Info.plist"; sourceTree = "<group>"; };
		4D8653C9197CDDE700530E87 /* en */ = {isa = PBXFileReference; lastKnownFileType = text.plist.strings; name = en; path = en.lproj/InfoPlist.strings; sourceTree = "<group>"; };
		4D8653CB197CDDE700530E87 /* main.m */ = {isa = PBXFileReference; lastKnownFileType = sourcecode.c.objc; path = main.m; sourceTree = "<group>"; };
		4D8653CD197CDDE700530E87 /* mozaiku-Prefix.pch */ = {isa = PBXFileReference; lastKnownFileType = sourcecode.c.h; path = "mozaiku-Prefix.pch"; sourceTree = "<group>"; };
		4D8653CE197CDDE700530E87 /* AppDelegate.h */ = {isa = PBXFileReference; lastKnownFileType = sourcecode.c.h; path = AppDelegate.h; sourceTree = "<group>"; };
		4D8653CF197CDDE700530E87 /* AppDelegate.m */ = {isa = PBXFileReference; lastKnownFileType = sourcecode.c.objc; path = AppDelegate.m; sourceTree = "<group>"; };
		4D8653D2197CDDE700530E87 /* Base */ = {isa = PBXFileReference; lastKnownFileType = file.storyboard; name = Base; path = Base.lproj/Main.storyboard; sourceTree = "<group>"; };
		4D8653D4197CDDE700530E87 /* ViewController.h */ = {isa = PBXFileReference; lastKnownFileType = sourcecode.c.h; path = ViewController.h; sourceTree = "<group>"; };
		4D8653D5197CDDE700530E87 /* ViewController.m */ = {isa = PBXFileReference; lastKnownFileType = sourcecode.c.objc; path = ViewController.m; sourceTree = "<group>"; };
		4D8653D7197CDDE700530E87 /* Images.xcassets */ = {isa = PBXFileReference; lastKnownFileType = folder.assetcatalog; path = Images.xcassets; sourceTree = "<group>"; };
		4D8653DD197CDDE800530E87 /* mozaikuTests.xctest */ = {isa = PBXFileReference; explicitFileType = wrapper.cfbundle; includeInIndex = 0; path = mozaikuTests.xctest; sourceTree = BUILT_PRODUCTS_DIR; };
		4D8653DE197CDDE800530E87 /* XCTest.framework */ = {isa = PBXFileReference; lastKnownFileType = wrapper.framework; name = XCTest.framework; path = Library/Frameworks/XCTest.framework; sourceTree = DEVELOPER_DIR; };
		4D8653E6197CDDE800530E87 /* mozaikuTests-Info.plist */ = {isa = PBXFileReference; lastKnownFileType = text.plist.xml; path = "mozaikuTests-Info.plist"; sourceTree = "<group>"; };
		4D8653E8197CDDE800530E87 /* en */ = {isa = PBXFileReference; lastKnownFileType = text.plist.strings; name = en; path = en.lproj/InfoPlist.strings; sourceTree = "<group>"; };
		4D8653EA197CDDE800530E87 /* mozaikuTests.m */ = {isa = PBXFileReference; lastKnownFileType = sourcecode.c.objc; path = mozaikuTests.m; sourceTree = "<group>"; };
/* End PBXFileReference section */

/* Begin PBXFrameworksBuildPhase section */
		4D8653B9197CDDE700530E87 /* Frameworks */ = {
			isa = PBXFrameworksBuildPhase;
			buildActionMask = 2147483647;
			files = (
				4D8653C2197CDDE700530E87 /* CoreGraphics.framework in Frameworks */,
				4D8653C4197CDDE700530E87 /* UIKit.framework in Frameworks */,
				4D8653C0197CDDE700530E87 /* Foundation.framework in Frameworks */,
			);
			runOnlyForDeploymentPostprocessing = 0;
		};
		4D8653DA197CDDE800530E87 /* Frameworks */ = {
			isa = PBXFrameworksBuildPhase;
			buildActionMask = 2147483647;
			files = (
				4D8653DF197CDDE800530E87 /* XCTest.framework in Frameworks */,
				4D8653E1197CDDE800530E87 /* UIKit.framework in Frameworks */,
				4D8653E0197CDDE800530E87 /* Foundation.framework in Frameworks */,
			);
			runOnlyForDeploymentPostprocessing = 0;
		};
/* End PBXFrameworksBuildPhase section */

/* Begin PBXGroup section */
		4D8653B3197CDDE700530E87 = {
			isa = PBXGroup;
			children = (
				4D8653C5197CDDE700530E87 /* mozaiku */,
				4D8653E4197CDDE800530E87 /* mozaikuTests */,
				4D8653BE197CDDE700530E87 /* Frameworks */,
				4D8653BD197CDDE700530E87 /* Products */,
			);
			sourceTree = "<group>";
		};
		4D8653BD197CDDE700530E87 /* Products */ = {
			isa = PBXGroup;
			children = (
				4D8653BC197CDDE700530E87 /* mozaiku.app */,
				4D8653DD197CDDE800530E87 /* mozaikuTests.xctest */,
			);
			name = Products;
			sourceTree = "<group>";
		};
		4D8653BE197CDDE700530E87 /* Frameworks */ = {
			isa = PBXGroup;
			children = (
				4D8653BF197CDDE700530E87 /* Foundation.framework */,
				4D8653C1197CDDE700530E87 /* CoreGraphics.framework */,
				4D8653C3197CDDE700530E87 /* UIKit.framework */,
				4D8653DE197CDDE800530E87 /* XCTest.framework */,
			);
			name = Frameworks;
			sourceTree = "<group>";
		};
		4D8653C5197CDDE700530E87 /* mozaiku */ = {
			isa = PBXGroup;
			children = (
				4D8653CE197CDDE700530E87 /* AppDelegate.h */,
				4D8653CF197CDDE700530E87 /* AppDelegate.m */,
				4D8653D1197CDDE700530E87 /* Main.storyboard */,
				4D8653D4197CDDE700530E87 /* ViewController.h */,
				4D8653D5197CDDE700530E87 /* ViewController.m */,
				4D8653D7197CDDE700530E87 /* Images.xcassets */,
				4D8653C6197CDDE700530E87 /* Supporting Files */,
			);
			path = mozaiku;
			sourceTree = "<group>";
		};
		4D8653C6197CDDE700530E87 /* Supporting Files */ = {
			isa = PBXGroup;
			children = (
				4D8653C7197CDDE700530E87 /* mozaiku-Info.plist */,
				4D8653C8197CDDE700530E87 /* InfoPlist.strings */,
				4D8653CB197CDDE700530E87 /* main.m */,
				4D8653CD197CDDE700530E87 /* mozaiku-Prefix.pch */,
			);
			name = "Supporting Files";
			sourceTree = "<group>";
		};
		4D8653E4197CDDE800530E87 /* mozaikuTests */ = {
			isa = PBXGroup;
			children = (
				4D8653EA197CDDE800530E87 /* mozaikuTests.m */,
				4D8653E5197CDDE800530E87 /* Supporting Files */,
			);
			path = mozaikuTests;
			sourceTree = "<group>";
		};
		4D8653E5197CDDE800530E87 /* Supporting Files */ = {
			isa = PBXGroup;
			children = (
				4D8653E6197CDDE800530E87 /* mozaikuTests-Info.plist */,
				4D8653E7197CDDE800530E87 /* InfoPlist.strings */,
			);
			name = "Supporting Files";
			sourceTree = "<group>";
		};
/* End PBXGroup section */

/* Begin PBXNativeTarget section */
		4D8653BB197CDDE700530E87 /* mozaiku */ = {
			isa = PBXNativeTarget;
			buildConfigurationList = 4D8653EE197CDDE800530E87 /* Build configuration list for PBXNativeTarget "mozaiku" */;
			buildPhases = (
				4D8653B8197CDDE700530E87 /* Sources */,
				4D8653B9197CDDE700530E87 /* Frameworks */,
				4D8653BA197CDDE700530E87 /* Resources */,
			);
			buildRules = (
			);
			dependencies = (
			);
			name = mozaiku;
			productName = mozaiku;
			productReference = 4D8653BC197CDDE700530E87 /* mozaiku.app */;
			productType = "com.apple.product-type.application";
		};
		4D8653DC197CDDE800530E87 /* mozaikuTests */ = {
			isa = PBXNativeTarget;
			buildConfigurationList = 4D8653F1197CDDE800530E87 /* Build configuration list for PBXNativeTarget "mozaikuTests" */;
			buildPhases = (
				4D8653D9197CDDE800530E87 /* Sources */,
				4D8653DA197CDDE800530E87 /* Frameworks */,
				4D8653DB197CDDE800530E87 /* Resources */,
			);
			buildRules = (
			);
			dependencies = (
				4D8653E3197CDDE800530E87 /* PBXTargetDependency */,
			);
			name = mozaikuTests;
			productName = mozaikuTests;
			productReference = 4D8653DD197CDDE800530E87 /* mozaikuTests.xctest */;
			productType = "com.apple.product-type.bundle.unit-test";
		};
/* End PBXNativeTarget section */

/* Begin PBXProject section */
		4D8653B4197CDDE700530E87 /* Project object */ = {
			isa = PBXProject;
			attributes = {
				LastUpgradeCheck = 0510;
				ORGANIZATIONNAME = mk;
				TargetAttributes = {
					4D8653DC197CDDE800530E87 = {
						TestTargetID = 4D8653BB197CDDE700530E87;
					};
				};
			};
			buildConfigurationList = 4D8653B7197CDDE700530E87 /* Build configuration list for PBXProject "mozaiku" */;
			compatibilityVersion = "Xcode 3.2";
			developmentRegion = English;
			hasScannedForEncodings = 0;
			knownRegions = (
				en,
				Base,
			);
			mainGroup = 4D8653B3197CDDE700530E87;
			productRefGroup = 4D8653BD197CDDE700530E87 /* Products */;
			projectDirPath = "";
			projectRoot = "";
			targets = (
				4D8653BB197CDDE700530E87 /* mozaiku */,
				4D8653DC197CDDE800530E87 /* mozaikuTests */,
			);
		};
/* End PBXProject section */

/* Begin PBXResourcesBuildPhase section */
		4D8653BA197CDDE700530E87 /* Resources */ = {
			isa = PBXResourcesBuildPhase;
			buildActionMask = 2147483647;
			files = (
				4D8653D8197CDDE700530E87 /* Images.xcassets in Resources */,
				4D8653CA197CDDE700530E87 /* InfoPlist.strings in Resources */,
				4D8653D3197CDDE700530E87 /* Main.storyboard in Resources */,
			);
			runOnlyForDeploymentPostprocessing = 0;
		};
		4D8653DB197CDDE800530E87 /* Resources */ = {
			isa = PBXResourcesBuildPhase;
			buildActionMask = 2147483647;
			files = (
				4D8653E9197CDDE800530E87 /* InfoPlist.strings in Resources */,
			);
			runOnlyForDeploymentPostprocessing = 0;
		};
/* End PBXResourcesBuildPhase section */

/* Begin PBXSourcesBuildPhase section */
		4D8653B8197CDDE700530E87 /* Sources */ = {
			isa = PBXSourcesBuildPhase;
			buildActionMask = 2147483647;
			files = (
				4D8653D6197CDDE700530E87 /* ViewController.m in Sources */,
				4D8653D0197CDDE700530E87 /* AppDelegate.m in Sources */,
				4D8653CC197CDDE700530E87 /* main.m in Sources */,
			);
			runOnlyForDeploymentPostprocessing = 0;
		};
		4D8653D9197CDDE800530E87 /* Sources */ = {
			isa = PBXSourcesBuildPhase;
			buildActionMask = 2147483647;
			files = (
				4D8653EB197CDDE800530E87 /* mozaikuTests.m in Sources */,
			);
			runOnlyForDeploymentPostprocessing = 0;
		};
/* End PBXSourcesBuildPhase section */

/* Begin PBXTargetDependency section */
		4D8653E3197CDDE800530E87 /* PBXTargetDependency */ = {
			isa = PBXTargetDependency;
			target = 4D8653BB197CDDE700530E87 /* mozaiku */;
			targetProxy = 4D8653E2197CDDE800530E87 /* PBXContainerItemProxy */;
		};
/* End PBXTargetDependency section */

/* Begin PBXVariantGroup section */
		4D8653C8197CDDE700530E87 /* InfoPlist.strings */ = {
			isa = PBXVariantGroup;
			children = (
				4D8653C9197CDDE700530E87 /* en */,
			);
			name = InfoPlist.strings;
			sourceTree = "<group>";
		};
		4D8653D1197CDDE700530E87 /* Main.storyboard */ = {
			isa = PBXVariantGroup;
			children = (
				4D8653D2197CDDE700530E87 /* Base */,
			);
			name = Main.storyboard;
			sourceTree = "<group>";
		};
		4D8653E7197CDDE800530E87 /* InfoPlist.strings */ = {
			isa = PBXVariantGroup;
			children = (
				4D8653E8197CDDE800530E87 /* en */,
			);
			name = InfoPlist.strings;
			sourceTree = "<group>";
		};
/* End PBXVariantGroup section */

/* Begin XCBuildConfiguration section */
		4D8653EC197CDDE800530E87 /* Debug */ = {
			isa = XCBuildConfiguration;
			buildSettings = {
				ALWAYS_SEARCH_USER_PATHS = NO;
				CLANG_CXX_LANGUAGE_STANDARD = "gnu++0x";
				CLANG_CXX_LIBRARY = "libc++";
				CLANG_ENABLE_MODULES = YES;
				CLANG_ENABLE_OBJC_ARC = YES;
				CLANG_WARN_BOOL_CONVERSION = YES;
				CLANG_WARN_CONSTANT_CONVERSION = YES;
				CLANG_WARN_DIRECT_OBJC_ISA_USAGE = YES_ERROR;
				CLANG_WARN_EMPTY_BODY = YES;
				CLANG_WARN_ENUM_CONVERSION = YES;
				CLANG_WARN_INT_CONVERSION = YES;
				CLANG_WARN_OBJC_ROOT_CLASS = YES_ERROR;
				CLANG_WARN__DUPLICATE_METHOD_MATCH = YES;
				"CODE_SIGN_IDENTITY[sdk=iphoneos*]" = "iPhone Developer";
				COPY_PHASE_STRIP = NO;
				GCC_C_LANGUAGE_STANDARD = gnu99;
				GCC_DYNAMIC_NO_PIC = NO;
				GCC_OPTIMIZATION_LEVEL = 0;
				GCC_PREPROCESSOR_DEFINITIONS = (
					"DEBUG=1",
					"$(inherited)",
				);
				GCC_SYMBOLS_PRIVATE_EXTERN = NO;
				GCC_WARN_64_TO_32_BIT_CONVERSION = YES;
				GCC_WARN_ABOUT_RETURN_TYPE = YES_ERROR;
				GCC_WARN_UNDECLARED_SELECTOR = YES;
				GCC_WARN_UNINITIALIZED_AUTOS = YES_AGGRESSIVE;
				GCC_WARN_UNUSED_FUNCTION = YES;
				GCC_WARN_UNUSED_VARIABLE = YES;
				IPHONEOS_DEPLOYMENT_TARGET = 7.1;
				ONLY_ACTIVE_ARCH = YES;
				SDKROOT = iphoneos;
			};
			name = Debug;
		};
		4D8653ED197CDDE800530E87 /* Release */ = {
			isa = XCBuildConfiguration;
			buildSettings = {
				ALWAYS_SEARCH_USER_PATHS = NO;
				CLANG_CXX_LANGUAGE_STANDARD = "gnu++0x";
				CLANG_CXX_LIBRARY = "libc++";
				CLANG_ENABLE_MODULES = YES;
				CLANG_ENABLE_OBJC_ARC = YES;
				CLANG_WARN_BOOL_CONVERSION = YES;
				CLANG_WARN_CONSTANT_CONVERSION = YES;
				CLANG_WARN_DIRECT_OBJC_ISA_USAGE = YES_ERROR;
				CLANG_WARN_EMPTY_BODY = YES;
				CLANG_WARN_ENUM_CONVERSION = YES;
				CLANG_WARN_INT_CONVERSION = YES;
				CLANG_WARN_OBJC_ROOT_CLASS = YES_ERROR;
				CLANG_WARN__DUPLICATE_METHOD_MATCH = YES;
				"CODE_SIGN_IDENTITY[sdk=iphoneos*]" = "iPhone Developer";
				COPY_PHASE_STRIP = YES;
				ENABLE_NS_ASSERTIONS = NO;
				GCC_C_LANGUAGE_STANDARD = gnu99;
				GCC_WARN_64_TO_32_BIT_CONVERSION = YES;
				GCC_WARN_ABOUT_RETURN_TYPE = YES_ERROR;
				GCC_WARN_UNDECLARED_SELECTOR = YES;
				GCC_WARN_UNINITIALIZED_AUTOS = YES_AGGRESSIVE;
				GCC_WARN_UNUSED_FUNCTION = YES;
				GCC_WARN_UNUSED_VARIABLE = YES;
				IPHONEOS_DEPLOYMENT_TARGET = 7.1;
				SDKROOT = iphoneos;
				VALIDATE_PRODUCT = YES;
			};
			name = Release;
		};
		4D8653EF197CDDE800530E87 /* Debug */ = {
			isa = XCBuildConfiguration;
			buildSettings = {
				ASSETCATALOG_COMPILER_APPICON_NAME = AppIcon;
				ASSETCATALOG_COMPILER_LAUNCHIMAGE_NAME = LaunchImage;
				GCC_PRECOMPILE_PREFIX_HEADER = YES;
				GCC_PREFIX_HEADER = "mozaiku/mozaiku-Prefix.pch";
				INFOPLIST_FILE = "mozaiku/mozaiku-Info.plist";
				PRODUCT_NAME = "$(TARGET_NAME)";
				WRAPPER_EXTENSION = app;
			};
			name = Debug;
		};
		4D8653F0197CDDE800530E87 /* Release */ = {
			isa = XCBuildConfiguration;
			buildSettings = {
				ASSETCATALOG_COMPILER_APPICON_NAME = AppIcon;
				ASSETCATALOG_COMPILER_LAUNCHIMAGE_NAME = LaunchImage;
				GCC_PRECOMPILE_PREFIX_HEADER = YES;
				GCC_PREFIX_HEADER = "mozaiku/mozaiku-Prefix.pch";
				INFOPLIST_FILE = "mozaiku/mozaiku-Info.plist";
				PRODUCT_NAME = "$(TARGET_NAME)";
				WRAPPER_EXTENSION = app;
			};
			name = Release;
		};
		4D8653F2197CDDE800530E87 /* Debug */ = {
			isa = XCBuildConfiguration;
			buildSettings = {
				BUNDLE_LOADER = "$(BUILT_PRODUCTS_DIR)/mozaiku.app/mozaiku";
				FRAMEWORK_SEARCH_PATHS = (
					"$(SDKROOT)/Developer/Library/Frameworks",
					"$(inherited)",
					"$(DEVELOPER_FRAMEWORKS_DIR)",
				);
				GCC_PRECOMPILE_PREFIX_HEADER = YES;
				GCC_PREFIX_HEADER = "mozaiku/mozaiku-Prefix.pch";
				GCC_PREPROCESSOR_DEFINITIONS = (
					"DEBUG=1",
					"$(inherited)",
				);
				INFOPLIST_FILE = "mozaikuTests/mozaikuTests-Info.plist";
				PRODUCT_NAME = "$(TARGET_NAME)";
				TEST_HOST = "$(BUNDLE_LOADER)";
				WRAPPER_EXTENSION = xctest;
			};
			name = Debug;
		};
		4D8653F3197CDDE800530E87 /* Release */ = {
			isa = XCBuildConfiguration;
			buildSettings = {
				BUNDLE_LOADER = "$(BUILT_PRODUCTS_DIR)/mozaiku.app/mozaiku";
				FRAMEWORK_SEARCH_PATHS = (
					"$(SDKROOT)/Developer/Library/Frameworks",
					"$(inherited)",
					"$(DEVELOPER_FRAMEWORKS_DIR)",
				);
				GCC_PRECOMPILE_PREFIX_HEADER = YES;
				GCC_PREFIX_HEADER = "mozaiku/mozaiku-Prefix.pch";
				INFOPLIST_FILE = "mozaikuTests/mozaikuTests-Info.plist";
				PRODUCT_NAME = "$(TARGET_NAME)";
				TEST_HOST = "$(BUNDLE_LOADER)";
				WRAPPER_EXTENSION = xctest;
			};
			name = Release;
		};
/* End XCBuildConfiguration section */

/* Begin XCConfigurationList section */
		4D8653B7197CDDE700530E87 /* Build configuration list for PBXProject "mozaiku" */ = {
			isa = XCConfigurationList;
			buildConfigurations = (
				4D8653EC197CDDE800530E87 /* Debug */,
				4D8653ED197CDDE800530E87 /* Release */,
			);
			defaultConfigurationIsVisible = 0;
			defaultConfigurationName = Release;
		};
		4D8653EE197CDDE800530E87 /* Build configuration list for PBXNativeTarget "mozaiku" */ = {
			isa = XCConfigurationList;
			buildConfigurations = (
				4D8653EF197CDDE800530E87 /* Debug */,
				4D8653F0197CDDE800530E87 /* Release */,
			);
			defaultConfigurationIsVisible = 0;
		};
		4D8653F1197CDDE800530E87 /* Build configuration list for PBXNativeTarget "mozaikuTests" */ = {
			isa = XCConfigurationList;
			buildConfigurations = (
				4D8653F2197CDDE800530E87 /* Debug */,
				4D8653F3197CDDE800530E87 /* Release */,
			);
			defaultConfigurationIsVisible = 0;
		};
/* End XCConfigurationList section */
	};
	rootObject = 4D8653B4197CDDE700530E87 /* Project object */;
}
